
Microsoft Visual Studio Solution File, Format Version 12.00
# Visual Studio Version 17
VisualStudioVersion = 17.5.002.0
MinimumVisualStudioVersion = 10.0.40219.1
Project("{9A19103F-16F7-4668-BE54-9A1E7A4F7556}") = "Libertas", "Libertas.csproj", "{EBB5B367-4FAF-4D7B-875E-FCACEA49616E}"
EndProject
Global
	GlobalSection(SolutionConfigurationPlatforms) = preSolution
		Debug|Any CPU = Debug|Any CPU
		Release|Any CPU = Release|Any CPU
	EndGlobalSection
	GlobalSection(ProjectConfigurationPlatforms) = postSolution
		{EBB5B367-4FAF-4D7B-875E-FCACEA49616E}.Debug|Any CPU.ActiveCfg = Debug|Any CPU
		{EBB5B367-4FAF-4D7B-875E-FCACEA49616E}.Debug|Any CPU.Build.0 = Debug|Any CPU
		{EBB5B367-4FAF-4D7B-875E-FCACEA49616E}.Release|Any CPU.ActiveCfg = Release|Any CPU
		{EBB5B367-4FAF-4D7B-875E-FCACEA49616E}.Release|Any CPU.Build.0 = Release|Any CPU
	EndGlobalSection
	GlobalSection(SolutionProperties) = preSolution
		HideSolutionNode = FALSE
	EndGlobalSection
	GlobalSection(ExtensibilityGlobals) = postSolution
		SolutionGuid = {F8B3A7A7-70DA-4361-8801-FBC9EE915BF2}
	EndGlobalSection
EndGlobal
